
Microsoft Visual Studio Solution File, Format Version 12.00
# Visual Studio Version 17
VisualStudioVersion = 17.0.31903.59
MinimumVisualStudioVersion = 10.0.40219.1
Project("{2150E333-8FDC-42A3-9474-1A3956D46DE8}") = "src", "src", "{551ECCA8-6496-491C-B73D-2485D7BE5ADE}"
EndProject
Project("{FAE04EC0-301F-11D3-BF4B-00C04F79EFBC}") = "LaptopQC.App", "src\LaptopQC.App\LaptopQC.App.csproj", "{14F911D7-DE62-4918-9C18-1303A426DC41}"
EndProject
Project("{FAE04EC0-301F-11D3-BF4B-00C04F79EFBC}") = "LaptopQC.Core", "src\LaptopQC.Core\LaptopQC.Core.csproj", "{04A4AECD-F4C1-4BF3-B564-6B2BA762B15F}"
EndProject
Project("{FAE04EC0-301F-11D3-BF4B-00C04F79EFBC}") = "LaptopQC.Hardware", "src\LaptopQC.Hardware\LaptopQC.Hardware.csproj", "{46853A49-21ED-44DE-8ACE-F83DE32A7914}"
EndProject
Project("{FAE04EC0-301F-11D3-BF4B-00C04F79EFBC}") = "LaptopQC.Reminder", "src\LaptopQC.Reminder\LaptopQC.Reminder.csproj", "{AF627CE9-C494-4E6E-A370-B0E3951EA89E}"
EndProject
Project("{FAE04EC0-301F-11D3-BF4B-00C04F79EFBC}") = "Pramaan.Avalonia", "src\Pramaan.Avalonia\Pramaan.Avalonia.csproj", "{74F9629F-BF17-4650-BC2F-BFD5AD7AF1DA}"
EndProject
Global
	GlobalSection(SolutionConfigurationPlatforms) = preSolution
		Debug|Any CPU = Debug|Any CPU
		Release|Any CPU = Release|Any CPU
	EndGlobalSection
	GlobalSection(SolutionProperties) = preSolution
		HideSolutionNode = FALSE
	EndGlobalSection
	GlobalSection(ProjectConfigurationPlatforms) = postSolution
		{14F911D7-DE62-4918-9C18-1303A426DC41}.Debug|Any CPU.ActiveCfg = Debug|Any CPU
		{14F911D7-DE62-4918-9C18-1303A426DC41}.Debug|Any CPU.Build.0 = Debug|Any CPU
		{14F911D7-DE62-4918-9C18-1303A426DC41}.Release|Any CPU.ActiveCfg = Release|Any CPU
		{14F911D7-DE62-4918-9C18-1303A426DC41}.Release|Any CPU.Build.0 = Release|Any CPU
		{04A4AECD-F4C1-4BF3-B564-6B2BA762B15F}.Debug|Any CPU.ActiveCfg = Debug|Any CPU
		{04A4AECD-F4C1-4BF3-B564-6B2BA762B15F}.Debug|Any CPU.Build.0 = Debug|Any CPU
		{04A4AECD-F4C1-4BF3-B564-6B2BA762B15F}.Release|Any CPU.ActiveCfg = Release|Any CPU
		{04A4AECD-F4C1-4BF3-B564-6B2BA762B15F}.Release|Any CPU.Build.0 = Release|Any CPU
		{46853A49-21ED-44DE-8ACE-F83DE32A7914}.Debug|Any CPU.ActiveCfg = Debug|Any CPU
		{46853A49-21ED-44DE-8ACE-F83DE32A7914}.Debug|Any CPU.Build.0 = Debug|Any CPU
		{46853A49-21ED-44DE-8ACE-F83DE32A7914}.Release|Any CPU.ActiveCfg = Release|Any CPU
		{46853A49-21ED-44DE-8ACE-F83DE32A7914}.Release|Any CPU.Build.0 = Release|Any CPU
		{AF627CE9-C494-4E6E-A370-B0E3951EA89E}.Debug|Any CPU.ActiveCfg = Debug|Any CPU
		{AF627CE9-C494-4E6E-A370-B0E3951EA89E}.Debug|Any CPU.Build.0 = Debug|Any CPU
		{AF627CE9-C494-4E6E-A370-B0E3951EA89E}.Release|Any CPU.ActiveCfg = Release|Any CPU
		{AF627CE9-C494-4E6E-A370-B0E3951EA89E}.Release|Any CPU.Build.0 = Release|Any CPU
		{74F9629F-BF17-4650-BC2F-BFD5AD7AF1DA}.Debug|Any CPU.ActiveCfg = Debug|Any CPU
		{74F9629F-BF17-4650-BC2F-BFD5AD7AF1DA}.Debug|Any CPU.Build.0 = Debug|Any CPU
		{74F9629F-BF17-4650-BC2F-BFD5AD7AF1DA}.Release|Any CPU.ActiveCfg = Release|Any CPU
		{74F9629F-BF17-4650-BC2F-BFD5AD7AF1DA}.Release|Any CPU.Build.0 = Release|Any CPU
	EndGlobalSection
	GlobalSection(NestedProjects) = preSolution
		{14F911D7-DE62-4918-9C18-1303A426DC41} = {551ECCA8-6496-491C-B73D-2485D7BE5ADE}
		{04A4AECD-F4C1-4BF3-B564-6B2BA762B15F} = {551ECCA8-6496-491C-B73D-2485D7BE5ADE}
		{46853A49-21ED-44DE-8ACE-F83DE32A7914} = {551ECCA8-6496-491C-B73D-2485D7BE5ADE}
		{AF627CE9-C494-4E6E-A370-B0E3951EA89E} = {551ECCA8-6496-491C-B73D-2485D7BE5ADE}
		{74F9629F-BF17-4650-BC2F-BFD5AD7AF1DA} = {551ECCA8-6496-491C-B73D-2485D7BE5ADE}
	EndGlobalSection
EndGlobal
